// !$*UTF8*$!
{
	archiveVersion = 1;
	classes = {
	};
	objectVersion = 55;
	objects = {

/* Begin PBXBuildFile section */
		F000322A283E8232006760BE /* Forecast.swift in Sources */ = {isa = PBXBuildFile; fileRef = F0003229283E8231006760BE /* Forecast.swift */; };
		F000323228413CB1006760BE /* CurrentWeatherViewModel.swift in Sources */ = {isa = PBXBuildFile; fileRef = F000323128413CB1006760BE /* CurrentWeatherViewModel.swift */; };
		F00B1346283B9C8C003F5D0E /* CurrentWeatherInteractor.swift in Sources */ = {isa = PBXBuildFile; fileRef = F00B1345283B9C8C003F5D0E /* CurrentWeatherInteractor.swift */; };
		F00B134A283B9CB7003F5D0E /* CurrentWeatherConfigurator.swift in Sources */ = {isa = PBXBuildFile; fileRef = F00B1349283B9CB7003F5D0E /* CurrentWeatherConfigurator.swift */; };
		F03721D0288072F800C26A83 /* UIImageView.swift in Sources */ = {isa = PBXBuildFile; fileRef = F03721CF288072F700C26A83 /* UIImageView.swift */; };
		F053E62128475A5100B8C11E /* Kingfisher.xcframework in Frameworks */ = {isa = PBXBuildFile; fileRef = F053E62028475A5100B8C11E /* Kingfisher.xcframework */; };
		F053E62228475A5100B8C11E /* Kingfisher.xcframework in Embed Frameworks */ = {isa = PBXBuildFile; fileRef = F053E62028475A5100B8C11E /* Kingfisher.xcframework */; settings = {ATTRIBUTES = (CodeSignOnCopy, RemoveHeadersOnCopy, ); }; };
		F062056E283BA3E6004FADA4 /* CurrentWeatherViewProtocols.swift in Sources */ = {isa = PBXBuildFile; fileRef = F062056D283BA3E6004FADA4 /* CurrentWeatherViewProtocols.swift */; };
		F0620570283BA3F6004FADA4 /* CurrentWeatherPresenter.swift in Sources */ = {isa = PBXBuildFile; fileRef = F062056F283BA3F6004FADA4 /* CurrentWeatherPresenter.swift */; };
		F0620574283BA41D004FADA4 /* CurrentWeatherRouter.swift in Sources */ = {isa = PBXBuildFile; fileRef = F0620573283BA41D004FADA4 /* CurrentWeatherRouter.swift */; };
		F0620576283BA42A004FADA4 /* CurrentWeatherRouterProtocols.swift in Sources */ = {isa = PBXBuildFile; fileRef = F0620575283BA42A004FADA4 /* CurrentWeatherRouterProtocols.swift */; };
		F0620578283BA595004FADA4 /* CurrentWeatherInteractorProtocols.swift in Sources */ = {isa = PBXBuildFile; fileRef = F0620577283BA595004FADA4 /* CurrentWeatherInteractorProtocols.swift */; };
		F062057A283BCDCF004FADA4 /* Alamofire.xcframework in Frameworks */ = {isa = PBXBuildFile; fileRef = F0620579283BCDCF004FADA4 /* Alamofire.xcframework */; };
		F062057B283BCDCF004FADA4 /* Alamofire.xcframework in Embed Frameworks */ = {isa = PBXBuildFile; fileRef = F0620579283BCDCF004FADA4 /* Alamofire.xcframework */; settings = {ATTRIBUTES = (CodeSignOnCopy, RemoveHeadersOnCopy, ); }; };
		F0620580283BDCB6004FADA4 /* Constants.swift in Sources */ = {isa = PBXBuildFile; fileRef = F062057F283BDCB6004FADA4 /* Constants.swift */; };
		F072F1072832C63800907CB2 /* AppDelegate.swift in Sources */ = {isa = PBXBuildFile; fileRef = F072F1062832C63800907CB2 /* AppDelegate.swift */; };
		F072F1092832C63800907CB2 /* SceneDelegate.swift in Sources */ = {isa = PBXBuildFile; fileRef = F072F1082832C63800907CB2 /* SceneDelegate.swift */; };
		F072F10B2832C63800907CB2 /* CurrentWeatherView.swift in Sources */ = {isa = PBXBuildFile; fileRef = F072F10A2832C63800907CB2 /* CurrentWeatherView.swift */; };
		F072F1102832C63C00907CB2 /* Assets.xcassets in Resources */ = {isa = PBXBuildFile; fileRef = F072F10F2832C63C00907CB2 /* Assets.xcassets */; };
		F072F1132832C63C00907CB2 /* LaunchScreen.storyboard in Resources */ = {isa = PBXBuildFile; fileRef = F072F1112832C63C00907CB2 /* LaunchScreen.storyboard */; };
		F072F11C2832C98500907CB2 /* SnapKit.xcframework in Frameworks */ = {isa = PBXBuildFile; fileRef = F072F11B2832C98500907CB2 /* SnapKit.xcframework */; };
		F072F11D2832C98500907CB2 /* SnapKit.xcframework in Embed Frameworks */ = {isa = PBXBuildFile; fileRef = F072F11B2832C98500907CB2 /* SnapKit.xcframework */; settings = {ATTRIBUTES = (CodeSignOnCopy, RemoveHeadersOnCopy, ); }; };
		F075E6C5288872D10049E9F7 /* BottomSheet.swift in Sources */ = {isa = PBXBuildFile; fileRef = F075E6C4288872D10049E9F7 /* BottomSheet.swift */; };
		F075E6C72888731E0049E9F7 /* Container.swift in Sources */ = {isa = PBXBuildFile; fileRef = F075E6C62888731E0049E9F7 /* Container.swift */; };
		F09B56A8287C623100B0D432 /* Int.swift in Sources */ = {isa = PBXBuildFile; fileRef = F09B56A7287C623100B0D432 /* Int.swift */; };
		F09B56AA287C75E300B0D432 /* HourlyWeatherCell.swift in Sources */ = {isa = PBXBuildFile; fileRef = F09B56A9287C75E200B0D432 /* HourlyWeatherCell.swift */; };
		F0D5F9A028491D6A00EA3B18 /* Colors.swift in Sources */ = {isa = PBXBuildFile; fileRef = F0D5F99F28491D6A00EA3B18 /* Colors.swift */; };
		F0D5F9AD284A1AAE00EA3B18 /* HourlyWeatherView.swift in Sources */ = {isa = PBXBuildFile; fileRef = F0D5F9AC284A1AAE00EA3B18 /* HourlyWeatherView.swift */; };
		F0D5F9AF284A1AC400EA3B18 /* HourlyWeatherViewProtocols.swift in Sources */ = {isa = PBXBuildFile; fileRef = F0D5F9AE284A1AC400EA3B18 /* HourlyWeatherViewProtocols.swift */; };
		F0D5F9B1284A1AD500EA3B18 /* HourlyWeatherPresenter.swift in Sources */ = {isa = PBXBuildFile; fileRef = F0D5F9B0284A1AD500EA3B18 /* HourlyWeatherPresenter.swift */; };
		F0D5F9B3284A1AE500EA3B18 /* HourlyWeatherRouter.swift in Sources */ = {isa = PBXBuildFile; fileRef = F0D5F9B2284A1AE500EA3B18 /* HourlyWeatherRouter.swift */; };
		F0D5F9B5284A1AFE00EA3B18 /* HourlyWeatherProtocols.swift in Sources */ = {isa = PBXBuildFile; fileRef = F0D5F9B4284A1AFE00EA3B18 /* HourlyWeatherProtocols.swift */; };
		F0D5F9B7284A1B1300EA3B18 /* HourlyWeatherConfigirator.swift in Sources */ = {isa = PBXBuildFile; fileRef = F0D5F9B6284A1B1300EA3B18 /* HourlyWeatherConfigirator.swift */; };
/* End PBXBuildFile section */

/* Begin PBXCopyFilesBuildPhase section */
		F072F11E2832C98500907CB2 /* Embed Frameworks */ = {
			isa = PBXCopyFilesBuildPhase;
			buildActionMask = 2147483647;
			dstPath = "";
			dstSubfolderSpec = 10;
			files = (
				F053E62228475A5100B8C11E /* Kingfisher.xcframework in Embed Frameworks */,
				F062057B283BCDCF004FADA4 /* Alamofire.xcframework in Embed Frameworks */,
				F072F11D2832C98500907CB2 /* SnapKit.xcframework in Embed Frameworks */,
			);
			name = "Embed Frameworks";
			runOnlyForDeploymentPostprocessing = 0;
		};
/* End PBXCopyFilesBuildPhase section */

/* Begin PBXFileReference section */
		F0003229283E8231006760BE /* Forecast.swift */ = {isa = PBXFileReference; lastKnownFileType = sourcecode.swift; path = Forecast.swift; sourceTree = "<group>"; };
		F000323128413CB1006760BE /* CurrentWeatherViewModel.swift */ = {isa = PBXFileReference; lastKnownFileType = sourcecode.swift; path = CurrentWeatherViewModel.swift; sourceTree = "<group>"; };
		F00B1345283B9C8C003F5D0E /* CurrentWeatherInteractor.swift */ = {isa = PBXFileReference; lastKnownFileType = sourcecode.swift; path = CurrentWeatherInteractor.swift; sourceTree = "<group>"; };
		F00B1349283B9CB7003F5D0E /* CurrentWeatherConfigurator.swift */ = {isa = PBXFileReference; lastKnownFileType = sourcecode.swift; path = CurrentWeatherConfigurator.swift; sourceTree = "<group>"; };
		F03721CF288072F700C26A83 /* UIImageView.swift */ = {isa = PBXFileReference; lastKnownFileType = sourcecode.swift; path = UIImageView.swift; sourceTree = "<group>"; };
		F053E61F28475A2900B8C11E /* Kingfisher */ = {isa = PBXFileReference; lastKnownFileType = wrapper; name = Kingfisher; path = Carthage/Checkouts/Kingfisher; sourceTree = "<group>"; };
		F053E62028475A5100B8C11E /* Kingfisher.xcframework */ = {isa = PBXFileReference; lastKnownFileType = wrapper.xcframework; name = Kingfisher.xcframework; path = Carthage/Build/Kingfisher.xcframework; sourceTree = "<group>"; };
		F062056D283BA3E6004FADA4 /* CurrentWeatherViewProtocols.swift */ = {isa = PBXFileReference; lastKnownFileType = sourcecode.swift; path = CurrentWeatherViewProtocols.swift; sourceTree = "<group>"; };
		F062056F283BA3F6004FADA4 /* CurrentWeatherPresenter.swift */ = {isa = PBXFileReference; lastKnownFileType = sourcecode.swift; path = CurrentWeatherPresenter.swift; sourceTree = "<group>"; };
		F0620573283BA41D004FADA4 /* CurrentWeatherRouter.swift */ = {isa = PBXFileReference; lastKnownFileType = sourcecode.swift; path = CurrentWeatherRouter.swift; sourceTree = "<group>"; };
		F0620575283BA42A004FADA4 /* CurrentWeatherRouterProtocols.swift */ = {isa = PBXFileReference; lastKnownFileType = sourcecode.swift; path = CurrentWeatherRouterProtocols.swift; sourceTree = "<group>"; };
		F0620577283BA595004FADA4 /* CurrentWeatherInteractorProtocols.swift */ = {isa = PBXFileReference; lastKnownFileType = sourcecode.swift; path = CurrentWeatherInteractorProtocols.swift; sourceTree = "<group>"; };
		F0620579283BCDCF004FADA4 /* Alamofire.xcframework */ = {isa = PBXFileReference; lastKnownFileType = wrapper.xcframework; name = Alamofire.xcframework; path = Carthage/Build/Alamofire.xcframework; sourceTree = "<group>"; };
		F062057F283BDCB6004FADA4 /* Constants.swift */ = {isa = PBXFileReference; lastKnownFileType = sourcecode.swift; path = Constants.swift; sourceTree = "<group>"; };
		F072F1032832C63800907CB2 /* WeatherShine.app */ = {isa = PBXFileReference; explicitFileType = wrapper.application; includeInIndex = 0; path = WeatherShine.app; sourceTree = BUILT_PRODUCTS_DIR; };
		F072F1062832C63800907CB2 /* AppDelegate.swift */ = {isa = PBXFileReference; lastKnownFileType = sourcecode.swift; path = AppDelegate.swift; sourceTree = "<group>"; };
		F072F1082832C63800907CB2 /* SceneDelegate.swift */ = {isa = PBXFileReference; lastKnownFileType = sourcecode.swift; path = SceneDelegate.swift; sourceTree = "<group>"; };
		F072F10A2832C63800907CB2 /* CurrentWeatherView.swift */ = {isa = PBXFileReference; lastKnownFileType = sourcecode.swift; path = CurrentWeatherView.swift; sourceTree = "<group>"; };
		F072F10F2832C63C00907CB2 /* Assets.xcassets */ = {isa = PBXFileReference; lastKnownFileType = folder.assetcatalog; path = Assets.xcassets; sourceTree = "<group>"; };
		F072F1122832C63C00907CB2 /* Base */ = {isa = PBXFileReference; lastKnownFileType = file.storyboard; name = Base; path = Base.lproj/LaunchScreen.storyboard; sourceTree = "<group>"; };
		F072F1142832C63C00907CB2 /* Info.plist */ = {isa = PBXFileReference; lastKnownFileType = text.plist.xml; path = Info.plist; sourceTree = "<group>"; };
		F072F11B2832C98500907CB2 /* SnapKit.xcframework */ = {isa = PBXFileReference; lastKnownFileType = wrapper.xcframework; name = SnapKit.xcframework; path = Carthage/Build/SnapKit.xcframework; sourceTree = "<group>"; };
		F075E6C4288872D10049E9F7 /* BottomSheet.swift */ = {isa = PBXFileReference; lastKnownFileType = sourcecode.swift; path = BottomSheet.swift; sourceTree = "<group>"; };
		F075E6C62888731E0049E9F7 /* Container.swift */ = {isa = PBXFileReference; lastKnownFileType = sourcecode.swift; path = Container.swift; sourceTree = "<group>"; };
		F09B56A7287C623100B0D432 /* Int.swift */ = {isa = PBXFileReference; lastKnownFileType = sourcecode.swift; path = Int.swift; sourceTree = "<group>"; };
		F09B56A9287C75E200B0D432 /* HourlyWeatherCell.swift */ = {isa = PBXFileReference; lastKnownFileType = sourcecode.swift; path = HourlyWeatherCell.swift; sourceTree = "<group>"; };
		F0D5F99F28491D6A00EA3B18 /* Colors.swift */ = {isa = PBXFileReference; lastKnownFileType = sourcecode.swift; path = Colors.swift; sourceTree = "<group>"; };
		F0D5F9AC284A1AAE00EA3B18 /* HourlyWeatherView.swift */ = {isa = PBXFileReference; lastKnownFileType = sourcecode.swift; path = HourlyWeatherView.swift; sourceTree = "<group>"; };
		F0D5F9AE284A1AC400EA3B18 /* HourlyWeatherViewProtocols.swift */ = {isa = PBXFileReference; lastKnownFileType = sourcecode.swift; path = HourlyWeatherViewProtocols.swift; sourceTree = "<group>"; };
		F0D5F9B0284A1AD500EA3B18 /* HourlyWeatherPresenter.swift */ = {isa = PBXFileReference; lastKnownFileType = sourcecode.swift; path = HourlyWeatherPresenter.swift; sourceTree = "<group>"; };
		F0D5F9B2284A1AE500EA3B18 /* HourlyWeatherRouter.swift */ = {isa = PBXFileReference; lastKnownFileType = sourcecode.swift; path = HourlyWeatherRouter.swift; sourceTree = "<group>"; };
		F0D5F9B4284A1AFE00EA3B18 /* HourlyWeatherProtocols.swift */ = {isa = PBXFileReference; lastKnownFileType = sourcecode.swift; path = HourlyWeatherProtocols.swift; sourceTree = "<group>"; };
		F0D5F9B6284A1B1300EA3B18 /* HourlyWeatherConfigirator.swift */ = {isa = PBXFileReference; lastKnownFileType = sourcecode.swift; path = HourlyWeatherConfigirator.swift; sourceTree = "<group>"; };
/* End PBXFileReference section */

/* Begin PBXFrameworksBuildPhase section */
		F072F1002832C63800907CB2 /* Frameworks */ = {
			isa = PBXFrameworksBuildPhase;
			buildActionMask = 2147483647;
			files = (
				F053E62128475A5100B8C11E /* Kingfisher.xcframework in Frameworks */,
				F062057A283BCDCF004FADA4 /* Alamofire.xcframework in Frameworks */,
				F072F11C2832C98500907CB2 /* SnapKit.xcframework in Frameworks */,
			);
			runOnlyForDeploymentPostprocessing = 0;
		};
/* End PBXFrameworksBuildPhase section */

/* Begin PBXGroup section */
		F00B133F283B9C19003F5D0E /* Presentation Layer */ = {
			isa = PBXGroup;
			children = (
				F0D5F9A32849F84000EA3B18 /* CurrentWeather */,
				F0D5F9A42849F88300EA3B18 /* HourlyWeather */,
				F075E6C62888731E0049E9F7 /* Container.swift */,
			);
			path = "Presentation Layer";
			sourceTree = "<group>";
		};
		F00B1340283B9C2E003F5D0E /* View */ = {
			isa = PBXGroup;
			children = (
				F072F10A2832C63800907CB2 /* CurrentWeatherView.swift */,
				F062056D283BA3E6004FADA4 /* CurrentWeatherViewProtocols.swift */,
				F000323128413CB1006760BE /* CurrentWeatherViewModel.swift */,
			);
			path = View;
			sourceTree = "<group>";
		};
		F00B1341283B9C34003F5D0E /* Presentrer */ = {
			isa = PBXGroup;
			children = (
				F062056F283BA3F6004FADA4 /* CurrentWeatherPresenter.swift */,
			);
			path = Presentrer;
			sourceTree = "<group>";
		};
		F00B1342283B9C3B003F5D0E /* Router */ = {
			isa = PBXGroup;
			children = (
				F0620573283BA41D004FADA4 /* CurrentWeatherRouter.swift */,
				F0620575283BA42A004FADA4 /* CurrentWeatherRouterProtocols.swift */,
			);
			path = Router;
			sourceTree = "<group>";
		};
		F00B1343283B9C44003F5D0E /* Interactor */ = {
			isa = PBXGroup;
			children = (
				F00B1345283B9C8C003F5D0E /* CurrentWeatherInteractor.swift */,
				F0620577283BA595004FADA4 /* CurrentWeatherInteractorProtocols.swift */,
			);
			path = Interactor;
			sourceTree = "<group>";
		};
		F00B1344283B9C51003F5D0E /* Configurator */ = {
			isa = PBXGroup;
			children = (
				F00B1349283B9CB7003F5D0E /* CurrentWeatherConfigurator.swift */,
			);
			path = Configurator;
			sourceTree = "<group>";
		};
		F062057C283BCEA8004FADA4 /* Core Layer */ = {
			isa = PBXGroup;
			children = (
				F0003229283E8231006760BE /* Forecast.swift */,
			);
			path = "Core Layer";
			sourceTree = "<group>";
		};
		F072F0FA2832C63800907CB2 = {
			isa = PBXGroup;
			children = (
				F072F1052832C63800907CB2 /* WeatherShine */,
				F072F1042832C63800907CB2 /* Products */,
				F072F11A2832C98500907CB2 /* Frameworks */,
			);
			sourceTree = "<group>";
		};
		F072F1042832C63800907CB2 /* Products */ = {
			isa = PBXGroup;
			children = (
				F072F1032832C63800907CB2 /* WeatherShine.app */,
			);
			name = Products;
			sourceTree = "<group>";
		};
		F072F1052832C63800907CB2 /* WeatherShine */ = {
			isa = PBXGroup;
			children = (
				F0D5F99C284918D600EA3B18 /* Extetension */,
				F072F1062832C63800907CB2 /* AppDelegate.swift */,
				F072F1082832C63800907CB2 /* SceneDelegate.swift */,
				F062057C283BCEA8004FADA4 /* Core Layer */,
				F00B133F283B9C19003F5D0E /* Presentation Layer */,
				F072F10F2832C63C00907CB2 /* Assets.xcassets */,
				F072F1112832C63C00907CB2 /* LaunchScreen.storyboard */,
				F072F1142832C63C00907CB2 /* Info.plist */,
				F062057F283BDCB6004FADA4 /* Constants.swift */,
				F0D5F99F28491D6A00EA3B18 /* Colors.swift */,
				F075E6C4288872D10049E9F7 /* BottomSheet.swift */,
			);
			path = WeatherShine;
			sourceTree = "<group>";
		};
		F072F11A2832C98500907CB2 /* Frameworks */ = {
			isa = PBXGroup;
			children = (
				F053E62028475A5100B8C11E /* Kingfisher.xcframework */,
				F053E61F28475A2900B8C11E /* Kingfisher */,
				F0620579283BCDCF004FADA4 /* Alamofire.xcframework */,
				F072F11B2832C98500907CB2 /* SnapKit.xcframework */,
			);
			name = Frameworks;
			sourceTree = "<group>";
		};
		F0D5F99C284918D600EA3B18 /* Extetension */ = {
			isa = PBXGroup;
			children = (
				F09B56A7287C623100B0D432 /* Int.swift */,
				F03721CF288072F700C26A83 /* UIImageView.swift */,
			);
			path = Extetension;
			sourceTree = "<group>";
		};
		F0D5F9A32849F84000EA3B18 /* CurrentWeather */ = {
			isa = PBXGroup;
			children = (
				F00B1340283B9C2E003F5D0E /* View */,
				F00B1341283B9C34003F5D0E /* Presentrer */,
				F00B1342283B9C3B003F5D0E /* Router */,
				F00B1343283B9C44003F5D0E /* Interactor */,
				F00B1344283B9C51003F5D0E /* Configurator */,
			);
			path = CurrentWeather;
			sourceTree = "<group>";
		};
		F0D5F9A42849F88300EA3B18 /* HourlyWeather */ = {
			isa = PBXGroup;
			children = (
				F0D5F9A8284A1A6C00EA3B18 /* View */,
				F0D5F9A9284A1A7200EA3B18 /* Presenter */,
				F0D5F9AA284A1A7C00EA3B18 /* Router */,
				F0D5F9AB284A1A8400EA3B18 /* Configurator */,
			);
			path = HourlyWeather;
			sourceTree = "<group>";
		};
		F0D5F9A8284A1A6C00EA3B18 /* View */ = {
			isa = PBXGroup;
			children = (
				F0D5F9AC284A1AAE00EA3B18 /* HourlyWeatherView.swift */,
				F0D5F9AE284A1AC400EA3B18 /* HourlyWeatherViewProtocols.swift */,
				F09B56A9287C75E200B0D432 /* HourlyWeatherCell.swift */,
			);
			path = View;
			sourceTree = "<group>";
		};
		F0D5F9A9284A1A7200EA3B18 /* Presenter */ = {
			isa = PBXGroup;
			children = (
				F0D5F9B0284A1AD500EA3B18 /* HourlyWeatherPresenter.swift */,
			);
			path = Presenter;
			sourceTree = "<group>";
		};
		F0D5F9AA284A1A7C00EA3B18 /* Router */ = {
			isa = PBXGroup;
			children = (
				F0D5F9B2284A1AE500EA3B18 /* HourlyWeatherRouter.swift */,
				F0D5F9B4284A1AFE00EA3B18 /* HourlyWeatherProtocols.swift */,
			);
			path = Router;
			sourceTree = "<group>";
		};
		F0D5F9AB284A1A8400EA3B18 /* Configurator */ = {
			isa = PBXGroup;
			children = (
				F0D5F9B6284A1B1300EA3B18 /* HourlyWeatherConfigirator.swift */,
			);
			path = Configurator;
			sourceTree = "<group>";
		};
/* End PBXGroup section */

/* Begin PBXNativeTarget section */
		F072F1022832C63800907CB2 /* WeatherShine */ = {
			isa = PBXNativeTarget;
			buildConfigurationList = F072F1172832C63C00907CB2 /* Build configuration list for PBXNativeTarget "WeatherShine" */;
			buildPhases = (
				F072F0FF2832C63800907CB2 /* Sources */,
				F072F1002832C63800907CB2 /* Frameworks */,
				F072F1012832C63800907CB2 /* Resources */,
				F072F11E2832C98500907CB2 /* Embed Frameworks */,
			);
			buildRules = (
			);
			dependencies = (
			);
			name = WeatherShine;
			productName = WeatherShine;
			productReference = F072F1032832C63800907CB2 /* WeatherShine.app */;
			productType = "com.apple.product-type.application";
		};
/* End PBXNativeTarget section */

/* Begin PBXProject section */
		F072F0FB2832C63800907CB2 /* Project object */ = {
			isa = PBXProject;
			attributes = {
				BuildIndependentTargetsInParallel = 1;
				LastSwiftUpdateCheck = 1330;
				LastUpgradeCheck = 1330;
				TargetAttributes = {
					F072F1022832C63800907CB2 = {
						CreatedOnToolsVersion = 13.3.1;
					};
				};
			};
			buildConfigurationList = F072F0FE2832C63800907CB2 /* Build configuration list for PBXProject "WeatherShine" */;
			compatibilityVersion = "Xcode 13.0";
			developmentRegion = en;
			hasScannedForEncodings = 0;
			knownRegions = (
				en,
				Base,
			);
			mainGroup = F072F0FA2832C63800907CB2;
			productRefGroup = F072F1042832C63800907CB2 /* Products */;
			projectDirPath = "";
			projectRoot = "";
			targets = (
				F072F1022832C63800907CB2 /* WeatherShine */,
			);
		};
/* End PBXProject section */

/* Begin PBXResourcesBuildPhase section */
		F072F1012832C63800907CB2 /* Resources */ = {
			isa = PBXResourcesBuildPhase;
			buildActionMask = 2147483647;
			files = (
				F072F1132832C63C00907CB2 /* LaunchScreen.storyboard in Resources */,
				F072F1102832C63C00907CB2 /* Assets.xcassets in Resources */,
			);
			runOnlyForDeploymentPostprocessing = 0;
		};
/* End PBXResourcesBuildPhase section */

/* Begin PBXSourcesBuildPhase section */
		F072F0FF2832C63800907CB2 /* Sources */ = {
			isa = PBXSourcesBuildPhase;
			buildActionMask = 2147483647;
			files = (
				F09B56A8287C623100B0D432 /* Int.swift in Sources */,
				F0620574283BA41D004FADA4 /* CurrentWeatherRouter.swift in Sources */,
				F0D5F9B7284A1B1300EA3B18 /* HourlyWeatherConfigirator.swift in Sources */,
				F0620570283BA3F6004FADA4 /* CurrentWeatherPresenter.swift in Sources */,
				F0D5F9AD284A1AAE00EA3B18 /* HourlyWeatherView.swift in Sources */,
				F0D5F9B3284A1AE500EA3B18 /* HourlyWeatherRouter.swift in Sources */,
				F03721D0288072F800C26A83 /* UIImageView.swift in Sources */,
				F0D5F9A028491D6A00EA3B18 /* Colors.swift in Sources */,
				F0D5F9B1284A1AD500EA3B18 /* HourlyWeatherPresenter.swift in Sources */,
				F0620578283BA595004FADA4 /* CurrentWeatherInteractorProtocols.swift in Sources */,
				F075E6C5288872D10049E9F7 /* BottomSheet.swift in Sources */,
				F0620576283BA42A004FADA4 /* CurrentWeatherRouterProtocols.swift in Sources */,
				F075E6C72888731E0049E9F7 /* Container.swift in Sources */,
				F072F10B2832C63800907CB2 /* CurrentWeatherView.swift in Sources */,
				F062056E283BA3E6004FADA4 /* CurrentWeatherViewProtocols.swift in Sources */,
				F09B56AA287C75E300B0D432 /* HourlyWeatherCell.swift in Sources */,
				F00B1346283B9C8C003F5D0E /* CurrentWeatherInteractor.swift in Sources */,
				F00B134A283B9CB7003F5D0E /* CurrentWeatherConfigurator.swift in Sources */,
				F0D5F9AF284A1AC400EA3B18 /* HourlyWeatherViewProtocols.swift in Sources */,
				F000322A283E8232006760BE /* Forecast.swift in Sources */,
				F072F1072832C63800907CB2 /* AppDelegate.swift in Sources */,
				F072F1092832C63800907CB2 /* SceneDelegate.swift in Sources */,
				F0620580283BDCB6004FADA4 /* Constants.swift in Sources */,
				F000323228413CB1006760BE /* CurrentWeatherViewModel.swift in Sources */,
				F0D5F9B5284A1AFE00EA3B18 /* HourlyWeatherProtocols.swift in Sources */,
			);
			runOnlyForDeploymentPostprocessing = 0;
		};
/* End PBXSourcesBuildPhase section */

/* Begin PBXVariantGroup section */
		F072F1112832C63C00907CB2 /* LaunchScreen.storyboard */ = {
			isa = PBXVariantGroup;
			children = (
				F072F1122832C63C00907CB2 /* Base */,
			);
			name = LaunchScreen.storyboard;
			sourceTree = "<group>";
		};
/* End PBXVariantGroup section */

/* Begin XCBuildConfiguration section */
		F072F1152832C63C00907CB2 /* Debug */ = {
			isa = XCBuildConfiguration;
			buildSettings = {
				ALWAYS_SEARCH_USER_PATHS = NO;
				CLANG_ANALYZER_NONNULL = YES;
				CLANG_ANALYZER_NUMBER_OBJECT_CONVERSION = YES_AGGRESSIVE;
				CLANG_CXX_LANGUAGE_STANDARD = "gnu++17";
				CLANG_ENABLE_MODULES = YES;
				CLANG_ENABLE_OBJC_ARC = YES;
				CLANG_ENABLE_OBJC_WEAK = YES;
				CLANG_WARN_BLOCK_CAPTURE_AUTORELEASING = YES;
				CLANG_WARN_BOOL_CONVERSION = YES;
				CLANG_WARN_COMMA = YES;
				CLANG_WARN_CONSTANT_CONVERSION = YES;
				CLANG_WARN_DEPRECATED_OBJC_IMPLEMENTATIONS = YES;
				CLANG_WARN_DIRECT_OBJC_ISA_USAGE = YES_ERROR;
				CLANG_WARN_DOCUMENTATION_COMMENTS = YES;
				CLANG_WARN_EMPTY_BODY = YES;
				CLANG_WARN_ENUM_CONVERSION = YES;
				CLANG_WARN_INFINITE_RECURSION = YES;
				CLANG_WARN_INT_CONVERSION = YES;
				CLANG_WARN_NON_LITERAL_NULL_CONVERSION = YES;
				CLANG_WARN_OBJC_IMPLICIT_RETAIN_SELF = YES;
				CLANG_WARN_OBJC_LITERAL_CONVERSION = YES;
				CLANG_WARN_OBJC_ROOT_CLASS = YES_ERROR;
				CLANG_WARN_QUOTED_INCLUDE_IN_FRAMEWORK_HEADER = YES;
				CLANG_WARN_RANGE_LOOP_ANALYSIS = YES;
				CLANG_WARN_STRICT_PROTOTYPES = YES;
				CLANG_WARN_SUSPICIOUS_MOVE = YES;
				CLANG_WARN_UNGUARDED_AVAILABILITY = YES_AGGRESSIVE;
				CLANG_WARN_UNREACHABLE_CODE = YES;
				CLANG_WARN__DUPLICATE_METHOD_MATCH = YES;
				COPY_PHASE_STRIP = NO;
				DEBUG_INFORMATION_FORMAT = dwarf;
				ENABLE_STRICT_OBJC_MSGSEND = YES;
				ENABLE_TESTABILITY = YES;
				GCC_C_LANGUAGE_STANDARD = gnu11;
				GCC_DYNAMIC_NO_PIC = NO;
				GCC_NO_COMMON_BLOCKS = YES;
				GCC_OPTIMIZATION_LEVEL = 0;
				GCC_PREPROCESSOR_DEFINITIONS = (
					"DEBUG=1",
					"$(inherited)",
				);
				GCC_WARN_64_TO_32_BIT_CONVERSION = YES;
				GCC_WARN_ABOUT_RETURN_TYPE = YES_ERROR;
				GCC_WARN_UNDECLARED_SELECTOR = YES;
				GCC_WARN_UNINITIALIZED_AUTOS = YES_AGGRESSIVE;
				GCC_WARN_UNUSED_FUNCTION = YES;
				GCC_WARN_UNUSED_VARIABLE = YES;
				IPHONEOS_DEPLOYMENT_TARGET = 15.4;
				MTL_ENABLE_DEBUG_INFO = INCLUDE_SOURCE;
				MTL_FAST_MATH = YES;
				ONLY_ACTIVE_ARCH = YES;
				SDKROOT = iphoneos;
				SWIFT_ACTIVE_COMPILATION_CONDITIONS = DEBUG;
				SWIFT_OPTIMIZATION_LEVEL = "-Onone";
			};
			name = Debug;
		};
		F072F1162832C63C00907CB2 /* Release */ = {
			isa = XCBuildConfiguration;
			buildSettings = {
				ALWAYS_SEARCH_USER_PATHS = NO;
				CLANG_ANALYZER_NONNULL = YES;
				CLANG_ANALYZER_NUMBER_OBJECT_CONVERSION = YES_AGGRESSIVE;
				CLANG_CXX_LANGUAGE_STANDARD = "gnu++17";
				CLANG_ENABLE_MODULES = YES;
				CLANG_ENABLE_OBJC_ARC = YES;
				CLANG_ENABLE_OBJC_WEAK = YES;
				CLANG_WARN_BLOCK_CAPTURE_AUTORELEASING = YES;
				CLANG_WARN_BOOL_CONVERSION = YES;
				CLANG_WARN_COMMA = YES;
				CLANG_WARN_CONSTANT_CONVERSION = YES;
				CLANG_WARN_DEPRECATED_OBJC_IMPLEMENTATIONS = YES;
				CLANG_WARN_DIRECT_OBJC_ISA_USAGE = YES_ERROR;
				CLANG_WARN_DOCUMENTATION_COMMENTS = YES;
				CLANG_WARN_EMPTY_BODY = YES;
				CLANG_WARN_ENUM_CONVERSION = YES;
				CLANG_WARN_INFINITE_RECURSION = YES;
				CLANG_WARN_INT_CONVERSION = YES;
				CLANG_WARN_NON_LITERAL_NULL_CONVERSION = YES;
				CLANG_WARN_OBJC_IMPLICIT_RETAIN_SELF = YES;
				CLANG_WARN_OBJC_LITERAL_CONVERSION = YES;
				CLANG_WARN_OBJC_ROOT_CLASS = YES_ERROR;
				CLANG_WARN_QUOTED_INCLUDE_IN_FRAMEWORK_HEADER = YES;
				CLANG_WARN_RANGE_LOOP_ANALYSIS = YES;
				CLANG_WARN_STRICT_PROTOTYPES = YES;
				CLANG_WARN_SUSPICIOUS_MOVE = YES;
				CLANG_WARN_UNGUARDED_AVAILABILITY = YES_AGGRESSIVE;
				CLANG_WARN_UNREACHABLE_CODE = YES;
				CLANG_WARN__DUPLICATE_METHOD_MATCH = YES;
				COPY_PHASE_STRIP = NO;
				DEBUG_INFORMATION_FORMAT = "dwarf-with-dsym";
				ENABLE_NS_ASSERTIONS = NO;
				ENABLE_STRICT_OBJC_MSGSEND = YES;
				GCC_C_LANGUAGE_STANDARD = gnu11;
				GCC_NO_COMMON_BLOCKS = YES;
				GCC_WARN_64_TO_32_BIT_CONVERSION = YES;
				GCC_WARN_ABOUT_RETURN_TYPE = YES_ERROR;
				GCC_WARN_UNDECLARED_SELECTOR = YES;
				GCC_WARN_UNINITIALIZED_AUTOS = YES_AGGRESSIVE;
				GCC_WARN_UNUSED_FUNCTION = YES;
				GCC_WARN_UNUSED_VARIABLE = YES;
				IPHONEOS_DEPLOYMENT_TARGET = 15.4;
				MTL_ENABLE_DEBUG_INFO = NO;
				MTL_FAST_MATH = YES;
				SDKROOT = iphoneos;
				SWIFT_COMPILATION_MODE = wholemodule;
				SWIFT_OPTIMIZATION_LEVEL = "-O";
				VALIDATE_PRODUCT = YES;
			};
			name = Release;
		};
		F072F1182832C63C00907CB2 /* Debug */ = {
			isa = XCBuildConfiguration;
			buildSettings = {
				ASSETCATALOG_COMPILER_APPICON_NAME = AppIcon;
				ASSETCATALOG_COMPILER_GLOBAL_ACCENT_COLOR_NAME = AccentColor;
				CODE_SIGN_STYLE = Automatic;
				CURRENT_PROJECT_VERSION = 1;
				GENERATE_INFOPLIST_FILE = YES;
				INFOPLIST_FILE = WeatherShine/Info.plist;
				INFOPLIST_KEY_UIApplicationSupportsIndirectInputEvents = YES;
				INFOPLIST_KEY_UILaunchStoryboardName = LaunchScreen;
				INFOPLIST_KEY_UISupportedInterfaceOrientations_iPad = "UIInterfaceOrientationPortrait UIInterfaceOrientationPortraitUpsideDown UIInterfaceOrientationLandscapeLeft UIInterfaceOrientationLandscapeRight";
				INFOPLIST_KEY_UISupportedInterfaceOrientations_iPhone = "UIInterfaceOrientationPortrait UIInterfaceOrientationLandscapeLeft UIInterfaceOrientationLandscapeRight";
				LD_RUNPATH_SEARCH_PATHS = (
					"$(inherited)",
					"@executable_path/Frameworks",
				);
				MARKETING_VERSION = 1.0;
				ONLY_ACTIVE_ARCH = YES;
				PRODUCT_BUNDLE_IDENTIFIER = com.sandaabrecht.WeatherShine;
				PRODUCT_NAME = "$(TARGET_NAME)";
				SWIFT_EMIT_LOC_STRINGS = YES;
				SWIFT_VERSION = 5.0;
				TARGETED_DEVICE_FAMILY = "1,2";
			};
			name = Debug;
		};
		F072F1192832C63C00907CB2 /* Release */ = {
			isa = XCBuildConfiguration;
			buildSettings = {
				ASSETCATALOG_COMPILER_APPICON_NAME = AppIcon;
				ASSETCATALOG_COMPILER_GLOBAL_ACCENT_COLOR_NAME = AccentColor;
				CODE_SIGN_STYLE = Automatic;
				CURRENT_PROJECT_VERSION = 1;
				GENERATE_INFOPLIST_FILE = YES;
				INFOPLIST_FILE = WeatherShine/Info.plist;
				INFOPLIST_KEY_UIApplicationSupportsIndirectInputEvents = YES;
				INFOPLIST_KEY_UILaunchStoryboardName = LaunchScreen;
				INFOPLIST_KEY_UISupportedInterfaceOrientations_iPad = "UIInterfaceOrientationPortrait UIInterfaceOrientationPortraitUpsideDown UIInterfaceOrientationLandscapeLeft UIInterfaceOrientationLandscapeRight";
				INFOPLIST_KEY_UISupportedInterfaceOrientations_iPhone = "UIInterfaceOrientationPortrait UIInterfaceOrientationLandscapeLeft UIInterfaceOrientationLandscapeRight";
				LD_RUNPATH_SEARCH_PATHS = (
					"$(inherited)",
					"@executable_path/Frameworks",
				);
				MARKETING_VERSION = 1.0;
				ONLY_ACTIVE_ARCH = YES;
				PRODUCT_BUNDLE_IDENTIFIER = com.sandaabrecht.WeatherShine;
				PRODUCT_NAME = "$(TARGET_NAME)";
				SWIFT_EMIT_LOC_STRINGS = YES;
				SWIFT_VERSION = 5.0;
				TARGETED_DEVICE_FAMILY = "1,2";
			};
			name = Release;
		};
/* End XCBuildConfiguration section */

/* Begin XCConfigurationList section */
		F072F0FE2832C63800907CB2 /* Build configuration list for PBXProject "WeatherShine" */ = {
			isa = XCConfigurationList;
			buildConfigurations = (
				F072F1152832C63C00907CB2 /* Debug */,
				F072F1162832C63C00907CB2 /* Release */,
			);
			defaultConfigurationIsVisible = 0;
			defaultConfigurationName = Release;
		};
		F072F1172832C63C00907CB2 /* Build configuration list for PBXNativeTarget "WeatherShine" */ = {
			isa = XCConfigurationList;
			buildConfigurations = (
				F072F1182832C63C00907CB2 /* Debug */,
				F072F1192832C63C00907CB2 /* Release */,
			);
			defaultConfigurationIsVisible = 0;
			defaultConfigurationName = Release;
		};
/* End XCConfigurationList section */
	};
	rootObject = F072F0FB2832C63800907CB2 /* Project object */;
}
